
Microsoft Visual Studio Solution File, Format Version 12.00
# Visual Studio Version 16
VisualStudioVersion = 16.0.29728.190
MinimumVisualStudioVersion = 10.0.40219.1
Project("{9A19103F-16F7-4668-BE54-9A1E7A4F7556}") = "WebAppMongo", "WebAppMongo\WebAppMongo.csproj", "{C206F966-506A-4442-BF73-4E091372E046}"
EndProject
Project("{9A19103F-16F7-4668-BE54-9A1E7A4F7556}") = "Models", "Models\Models.csproj", "{3C8B6456-C36F-411F-8437-B6998A9B2B9E}"
EndProject
Project("{9A19103F-16F7-4668-BE54-9A1E7A4F7556}") = "DAL", "DAL\DAL.csproj", "{09CB1673-FF49-42BE-80DC-CCD8C2DAF579}"
EndProject
Project("{9A19103F-16F7-4668-BE54-9A1E7A4F7556}") = "Services", "Services\Services.csproj", "{7FBD4D91-A3AD-4597-88EB-40EFA9FB52F3}"
EndProject
Project("{9A19103F-16F7-4668-BE54-9A1E7A4F7556}") = "WebAppClient", "WebAppClient\WebAppClient.csproj", "{156846B0-A392-4EF2-91D8-E820A9D2B2C3}"
EndProject
Global
	GlobalSection(SolutionConfigurationPlatforms) = preSolution
		Debug|Any CPU = Debug|Any CPU
		Release|Any CPU = Release|Any CPU
	EndGlobalSection
	GlobalSection(ProjectConfigurationPlatforms) = postSolution
		{C206F966-506A-4442-BF73-4E091372E046}.Debug|Any CPU.ActiveCfg = Debug|Any CPU
		{C206F966-506A-4442-BF73-4E091372E046}.Debug|Any CPU.Build.0 = Debug|Any CPU
		{C206F966-506A-4442-BF73-4E091372E046}.Release|Any CPU.ActiveCfg = Release|Any CPU
		{C206F966-506A-4442-BF73-4E091372E046}.Release|Any CPU.Build.0 = Release|Any CPU
		{3C8B6456-C36F-411F-8437-B6998A9B2B9E}.Debug|Any CPU.ActiveCfg = Debug|Any CPU
		{3C8B6456-C36F-411F-8437-B6998A9B2B9E}.Debug|Any CPU.Build.0 = Debug|Any CPU
		{3C8B6456-C36F-411F-8437-B6998A9B2B9E}.Release|Any CPU.ActiveCfg = Release|Any CPU
		{3C8B6456-C36F-411F-8437-B6998A9B2B9E}.Release|Any CPU.Build.0 = Release|Any CPU
		{09CB1673-FF49-42BE-80DC-CCD8C2DAF579}.Debug|Any CPU.ActiveCfg = Debug|Any CPU
		{09CB1673-FF49-42BE-80DC-CCD8C2DAF579}.Debug|Any CPU.Build.0 = Debug|Any CPU
		{09CB1673-FF49-42BE-80DC-CCD8C2DAF579}.Release|Any CPU.ActiveCfg = Release|Any CPU
		{09CB1673-FF49-42BE-80DC-CCD8C2DAF579}.Release|Any CPU.Build.0 = Release|Any CPU
		{7FBD4D91-A3AD-4597-88EB-40EFA9FB52F3}.Debug|Any CPU.ActiveCfg = Debug|Any CPU
		{7FBD4D91-A3AD-4597-88EB-40EFA9FB52F3}.Debug|Any CPU.Build.0 = Debug|Any CPU
		{7FBD4D91-A3AD-4597-88EB-40EFA9FB52F3}.Release|Any CPU.ActiveCfg = Release|Any CPU
		{7FBD4D91-A3AD-4597-88EB-40EFA9FB52F3}.Release|Any CPU.Build.0 = Release|Any CPU
		{156846B0-A392-4EF2-91D8-E820A9D2B2C3}.Debug|Any CPU.ActiveCfg = Debug|Any CPU
		{156846B0-A392-4EF2-91D8-E820A9D2B2C3}.Debug|Any CPU.Build.0 = Debug|Any CPU
		{156846B0-A392-4EF2-91D8-E820A9D2B2C3}.Release|Any CPU.ActiveCfg = Release|Any CPU
		{156846B0-A392-4EF2-91D8-E820A9D2B2C3}.Release|Any CPU.Build.0 = Release|Any CPU
	EndGlobalSection
	GlobalSection(SolutionProperties) = preSolution
		HideSolutionNode = FALSE
	EndGlobalSection
	GlobalSection(ExtensibilityGlobals) = postSolution
		SolutionGuid = {76701D0A-CB05-4546-B5FC-BA886DBE350B}
	EndGlobalSection
EndGlobal
